// !$*UTF8*$!
{
	archiveVersion = 1;
	classes = {
	};
	objectVersion = 56;
	objects = {

/* Begin PBXBuildFile section */
		11A485422C9367B600718A41 /* overdubApp.swift in Sources */ = {isa = PBXBuildFile; fileRef = 11A485412C9367B600718A41 /* overdubApp.swift */; };
		11A485442C9367B600718A41 /* ContentView.swift in Sources */ = {isa = PBXBuildFile; fileRef = 11A485432C9367B600718A41 /* ContentView.swift */; };
		11A485462C9367B700718A41 /* Assets.xcassets in Resources */ = {isa = PBXBuildFile; fileRef = 11A485452C9367B700718A41 /* Assets.xcassets */; };
		11A485492C9367B700718A41 /* Preview Assets.xcassets in Resources */ = {isa = PBXBuildFile; fileRef = 11A485482C9367B700718A41 /* Preview Assets.xcassets */; };
		11A485532C9367B700718A41 /* overdubTests.swift in Sources */ = {isa = PBXBuildFile; fileRef = 11A485522C9367B700718A41 /* overdubTests.swift */; };
		11A4855D2C9367B700718A41 /* overdubUITests.swift in Sources */ = {isa = PBXBuildFile; fileRef = 11A4855C2C9367B700718A41 /* overdubUITests.swift */; };
		11A4855F2C9367B700718A41 /* overdubUITestsLaunchTests.swift in Sources */ = {isa = PBXBuildFile; fileRef = 11A4855E2C9367B700718A41 /* overdubUITestsLaunchTests.swift */; };
		11A4856C2C9A100700718A41 /* dsputils.swift in Sources */ = {isa = PBXBuildFile; fileRef = 11A4856B2C9A100700718A41 /* dsputils.swift */; };
		11A4856E2C9BD75600718A41 /* AudioPlayerManager.swift in Sources */ = {isa = PBXBuildFile; fileRef = 11A4856D2C9BD75600718A41 /* AudioPlayerManager.swift */; };
/* End PBXBuildFile section */

/* Begin PBXContainerItemProxy section */
		11A4854F2C9367B700718A41 /* PBXContainerItemProxy */ = {
			isa = PBXContainerItemProxy;
			containerPortal = 11A485362C9367B600718A41 /* Project object */;
			proxyType = 1;
			remoteGlobalIDString = 11A4853D2C9367B600718A41;
			remoteInfo = overdub;
		};
		11A485592C9367B700718A41 /* PBXContainerItemProxy */ = {
			isa = PBXContainerItemProxy;
			containerPortal = 11A485362C9367B600718A41 /* Project object */;
			proxyType = 1;
			remoteGlobalIDString = 11A4853D2C9367B600718A41;
			remoteInfo = overdub;
		};
/* End PBXContainerItemProxy section */

/* Begin PBXFileReference section */
		11A4853E2C9367B600718A41 /* overdub.app */ = {isa = PBXFileReference; explicitFileType = wrapper.application; includeInIndex = 0; path = overdub.app; sourceTree = BUILT_PRODUCTS_DIR; };
		11A485412C9367B600718A41 /* overdubApp.swift */ = {isa = PBXFileReference; lastKnownFileType = sourcecode.swift; path = overdubApp.swift; sourceTree = "<group>"; };
		11A485432C9367B600718A41 /* ContentView.swift */ = {isa = PBXFileReference; lastKnownFileType = sourcecode.swift; path = ContentView.swift; sourceTree = "<group>"; };
		11A485452C9367B700718A41 /* Assets.xcassets */ = {isa = PBXFileReference; lastKnownFileType = folder.assetcatalog; path = Assets.xcassets; sourceTree = "<group>"; };
		11A485482C9367B700718A41 /* Preview Assets.xcassets */ = {isa = PBXFileReference; lastKnownFileType = folder.assetcatalog; path = "Preview Assets.xcassets"; sourceTree = "<group>"; };
		11A4854E2C9367B700718A41 /* overdubTests.xctest */ = {isa = PBXFileReference; explicitFileType = wrapper.cfbundle; includeInIndex = 0; path = overdubTests.xctest; sourceTree = BUILT_PRODUCTS_DIR; };
		11A485522C9367B700718A41 /* overdubTests.swift */ = {isa = PBXFileReference; lastKnownFileType = sourcecode.swift; path = overdubTests.swift; sourceTree = "<group>"; };
		11A485582C9367B700718A41 /* overdubUITests.xctest */ = {isa = PBXFileReference; explicitFileType = wrapper.cfbundle; includeInIndex = 0; path = overdubUITests.xctest; sourceTree = BUILT_PRODUCTS_DIR; };
		11A4855C2C9367B700718A41 /* overdubUITests.swift */ = {isa = PBXFileReference; lastKnownFileType = sourcecode.swift; path = overdubUITests.swift; sourceTree = "<group>"; };
		11A4855E2C9367B700718A41 /* overdubUITestsLaunchTests.swift */ = {isa = PBXFileReference; lastKnownFileType = sourcecode.swift; path = overdubUITestsLaunchTests.swift; sourceTree = "<group>"; };
		11A4856B2C9A100700718A41 /* dsputils.swift */ = {isa = PBXFileReference; lastKnownFileType = sourcecode.swift; path = dsputils.swift; sourceTree = "<group>"; };
		11A4856D2C9BD75600718A41 /* AudioPlayerManager.swift */ = {isa = PBXFileReference; lastKnownFileType = sourcecode.swift; path = AudioPlayerManager.swift; sourceTree = "<group>"; };
/* End PBXFileReference section */

/* Begin PBXFrameworksBuildPhase section */
		11A4853B2C9367B600718A41 /* Frameworks */ = {
			isa = PBXFrameworksBuildPhase;
			buildActionMask = 2147483647;
			files = (
			);
			runOnlyForDeploymentPostprocessing = 0;
		};
		11A4854B2C9367B700718A41 /* Frameworks */ = {
			isa = PBXFrameworksBuildPhase;
			buildActionMask = 2147483647;
			files = (
			);
			runOnlyForDeploymentPostprocessing = 0;
		};
		11A485552C9367B700718A41 /* Frameworks */ = {
			isa = PBXFrameworksBuildPhase;
			buildActionMask = 2147483647;
			files = (
			);
			runOnlyForDeploymentPostprocessing = 0;
		};
/* End PBXFrameworksBuildPhase section */

/* Begin PBXGroup section */
		11A485352C9367B600718A41 = {
			isa = PBXGroup;
			children = (
				11A485402C9367B600718A41 /* overdub */,
				11A485512C9367B700718A41 /* overdubTests */,
				11A4855B2C9367B700718A41 /* overdubUITests */,
				11A4853F2C9367B600718A41 /* Products */,
			);
			sourceTree = "<group>";
		};
		11A4853F2C9367B600718A41 /* Products */ = {
			isa = PBXGroup;
			children = (
				11A4853E2C9367B600718A41 /* overdub.app */,
				11A4854E2C9367B700718A41 /* overdubTests.xctest */,
				11A485582C9367B700718A41 /* overdubUITests.xctest */,
			);
			name = Products;
			sourceTree = "<group>";
		};
		11A485402C9367B600718A41 /* overdub */ = {
			isa = PBXGroup;
			children = (
				11A485412C9367B600718A41 /* overdubApp.swift */,
				11A485432C9367B600718A41 /* ContentView.swift */,
				11A485452C9367B700718A41 /* Assets.xcassets */,
				11A485472C9367B700718A41 /* Preview Content */,
				11A4856B2C9A100700718A41 /* dsputils.swift */,
				11A4856D2C9BD75600718A41 /* AudioPlayerManager.swift */,
			);
			path = overdub;
			sourceTree = "<group>";
		};
		11A485472C9367B700718A41 /* Preview Content */ = {
			isa = PBXGroup;
			children = (
				11A485482C9367B700718A41 /* Preview Assets.xcassets */,
			);
			path = "Preview Content";
			sourceTree = "<group>";
		};
		11A485512C9367B700718A41 /* overdubTests */ = {
			isa = PBXGroup;
			children = (
				11A485522C9367B700718A41 /* overdubTests.swift */,
			);
			path = overdubTests;
			sourceTree = "<group>";
		};
		11A4855B2C9367B700718A41 /* overdubUITests */ = {
			isa = PBXGroup;
			children = (
				11A4855C2C9367B700718A41 /* overdubUITests.swift */,
				11A4855E2C9367B700718A41 /* overdubUITestsLaunchTests.swift */,
			);
			path = overdubUITests;
			sourceTree = "<group>";
		};
/* End PBXGroup section */

/* Begin PBXNativeTarget section */
		11A4853D2C9367B600718A41 /* overdub */ = {
			isa = PBXNativeTarget;
			buildConfigurationList = 11A485622C9367B700718A41 /* Build configuration list for PBXNativeTarget "overdub" */;
			buildPhases = (
				11A4853A2C9367B600718A41 /* Sources */,
				11A4853B2C9367B600718A41 /* Frameworks */,
				11A4853C2C9367B600718A41 /* Resources */,
			);
			buildRules = (
			);
			dependencies = (
			);
			name = overdub;
			productName = overdub;
			productReference = 11A4853E2C9367B600718A41 /* overdub.app */;
			productType = "com.apple.product-type.application";
		};
		11A4854D2C9367B700718A41 /* overdubTests */ = {
			isa = PBXNativeTarget;
			buildConfigurationList = 11A485652C9367B700718A41 /* Build configuration list for PBXNativeTarget "overdubTests" */;
			buildPhases = (
				11A4854A2C9367B700718A41 /* Sources */,
				11A4854B2C9367B700718A41 /* Frameworks */,
				11A4854C2C9367B700718A41 /* Resources */,
			);
			buildRules = (
			);
			dependencies = (
				11A485502C9367B700718A41 /* PBXTargetDependency */,
			);
			name = overdubTests;
			productName = overdubTests;
			productReference = 11A4854E2C9367B700718A41 /* overdubTests.xctest */;
			productType = "com.apple.product-type.bundle.unit-test";
		};
		11A485572C9367B700718A41 /* overdubUITests */ = {
			isa = PBXNativeTarget;
			buildConfigurationList = 11A485682C9367B700718A41 /* Build configuration list for PBXNativeTarget "overdubUITests" */;
			buildPhases = (
				11A485542C9367B700718A41 /* Sources */,
				11A485552C9367B700718A41 /* Frameworks */,
				11A485562C9367B700718A41 /* Resources */,
			);
			buildRules = (
			);
			dependencies = (
				11A4855A2C9367B700718A41 /* PBXTargetDependency */,
			);
			name = overdubUITests;
			productName = overdubUITests;
			productReference = 11A485582C9367B700718A41 /* overdubUITests.xctest */;
			productType = "com.apple.product-type.bundle.ui-testing";
		};
/* End PBXNativeTarget section */

/* Begin PBXProject section */
		11A485362C9367B600718A41 /* Project object */ = {
			isa = PBXProject;
			attributes = {
				BuildIndependentTargetsInParallel = 1;
				LastSwiftUpdateCheck = 1540;
				LastUpgradeCheck = 1540;
				TargetAttributes = {
					11A4853D2C9367B600718A41 = {
						CreatedOnToolsVersion = 15.4;
					};
					11A4854D2C9367B700718A41 = {
						CreatedOnToolsVersion = 15.4;
						TestTargetID = 11A4853D2C9367B600718A41;
					};
					11A485572C9367B700718A41 = {
						CreatedOnToolsVersion = 15.4;
						TestTargetID = 11A4853D2C9367B600718A41;
					};
				};
			};
			buildConfigurationList = 11A485392C9367B600718A41 /* Build configuration list for PBXProject "overdub" */;
			compatibilityVersion = "Xcode 14.0";
			developmentRegion = en;
			hasScannedForEncodings = 0;
			knownRegions = (
				en,
				Base,
			);
			mainGroup = 11A485352C9367B600718A41;
			productRefGroup = 11A4853F2C9367B600718A41 /* Products */;
			projectDirPath = "";
			projectRoot = "";
			targets = (
				11A4853D2C9367B600718A41 /* overdub */,
				11A4854D2C9367B700718A41 /* overdubTests */,
				11A485572C9367B700718A41 /* overdubUITests */,
			);
		};
/* End PBXProject section */

/* Begin PBXResourcesBuildPhase section */
		11A4853C2C9367B600718A41 /* Resources */ = {
			isa = PBXResourcesBuildPhase;
			buildActionMask = 2147483647;
			files = (
				11A485492C9367B700718A41 /* Preview Assets.xcassets in Resources */,
				11A485462C9367B700718A41 /* Assets.xcassets in Resources */,
			);
			runOnlyForDeploymentPostprocessing = 0;
		};
		11A4854C2C9367B700718A41 /* Resources */ = {
			isa = PBXResourcesBuildPhase;
			buildActionMask = 2147483647;
			files = (
			);
			runOnlyForDeploymentPostprocessing = 0;
		};
		11A485562C9367B700718A41 /* Resources */ = {
			isa = PBXResourcesBuildPhase;
			buildActionMask = 2147483647;
			files = (
			);
			runOnlyForDeploymentPostprocessing = 0;
		};
/* End PBXResourcesBuildPhase section */

/* Begin PBXSourcesBuildPhase section */
		11A4853A2C9367B600718A41 /* Sources */ = {
			isa = PBXSourcesBuildPhase;
			buildActionMask = 2147483647;
			files = (
				11A485442C9367B600718A41 /* ContentView.swift in Sources */,
				11A4856E2C9BD75600718A41 /* AudioPlayerManager.swift in Sources */,
				11A4856C2C9A100700718A41 /* dsputils.swift in Sources */,
				11A485422C9367B600718A41 /* overdubApp.swift in Sources */,
			);
			runOnlyForDeploymentPostprocessing = 0;
		};
		11A4854A2C9367B700718A41 /* Sources */ = {
			isa = PBXSourcesBuildPhase;
			buildActionMask = 2147483647;
			files = (
				11A485532C9367B700718A41 /* overdubTests.swift in Sources */,
			);
			runOnlyForDeploymentPostprocessing = 0;
		};
		11A485542C9367B700718A41 /* Sources */ = {
			isa = PBXSourcesBuildPhase;
			buildActionMask = 2147483647;
			files = (
				11A4855F2C9367B700718A41 /* overdubUITestsLaunchTests.swift in Sources */,
				11A4855D2C9367B700718A41 /* overdubUITests.swift in Sources */,
			);
			runOnlyForDeploymentPostprocessing = 0;
		};
/* End PBXSourcesBuildPhase section */

/* Begin PBXTargetDependency section */
		11A485502C9367B700718A41 /* PBXTargetDependency */ = {
			isa = PBXTargetDependency;
			target = 11A4853D2C9367B600718A41 /* overdub */;
			targetProxy = 11A4854F2C9367B700718A41 /* PBXContainerItemProxy */;
		};
		11A4855A2C9367B700718A41 /* PBXTargetDependency */ = {
			isa = PBXTargetDependency;
			target = 11A4853D2C9367B600718A41 /* overdub */;
			targetProxy = 11A485592C9367B700718A41 /* PBXContainerItemProxy */;
		};
/* End PBXTargetDependency section */

/* Begin XCBuildConfiguration section */
		11A485602C9367B700718A41 /* Debug */ = {
			isa = XCBuildConfiguration;
			buildSettings = {
				ALWAYS_SEARCH_USER_PATHS = NO;
				ASSETCATALOG_COMPILER_GENERATE_SWIFT_ASSET_SYMBOL_EXTENSIONS = YES;
				CLANG_ANALYZER_NONNULL = YES;
				CLANG_ANALYZER_NUMBER_OBJECT_CONVERSION = YES_AGGRESSIVE;
				CLANG_CXX_LANGUAGE_STANDARD = "gnu++20";
				CLANG_ENABLE_MODULES = YES;
				CLANG_ENABLE_OBJC_ARC = YES;
				CLANG_ENABLE_OBJC_WEAK = YES;
				CLANG_WARN_BLOCK_CAPTURE_AUTORELEASING = YES;
				CLANG_WARN_BOOL_CONVERSION = YES;
				CLANG_WARN_COMMA = YES;
				CLANG_WARN_CONSTANT_CONVERSION = YES;
				CLANG_WARN_DEPRECATED_OBJC_IMPLEMENTATIONS = YES;
				CLANG_WARN_DIRECT_OBJC_ISA_USAGE = YES_ERROR;
				CLANG_WARN_DOCUMENTATION_COMMENTS = YES;
				CLANG_WARN_EMPTY_BODY = YES;
				CLANG_WARN_ENUM_CONVERSION = YES;
				CLANG_WARN_INFINITE_RECURSION = YES;
				CLANG_WARN_INT_CONVERSION = YES;
				CLANG_WARN_NON_LITERAL_NULL_CONVERSION = YES;
				CLANG_WARN_OBJC_IMPLICIT_RETAIN_SELF = YES;
				CLANG_WARN_OBJC_LITERAL_CONVERSION = YES;
				CLANG_WARN_OBJC_ROOT_CLASS = YES_ERROR;
				CLANG_WARN_QUOTED_INCLUDE_IN_FRAMEWORK_HEADER = YES;
				CLANG_WARN_RANGE_LOOP_ANALYSIS = YES;
				CLANG_WARN_STRICT_PROTOTYPES = YES;
				CLANG_WARN_SUSPICIOUS_MOVE = YES;
				CLANG_WARN_UNGUARDED_AVAILABILITY = YES_AGGRESSIVE;
				CLANG_WARN_UNREACHABLE_CODE = YES;
				CLANG_WARN__DUPLICATE_METHOD_MATCH = YES;
				COPY_PHASE_STRIP = NO;
				DEBUG_INFORMATION_FORMAT = dwarf;
				ENABLE_STRICT_OBJC_MSGSEND = YES;
				ENABLE_TESTABILITY = YES;
				ENABLE_USER_SCRIPT_SANDBOXING = YES;
				GCC_C_LANGUAGE_STANDARD = gnu17;
				GCC_DYNAMIC_NO_PIC = NO;
				GCC_NO_COMMON_BLOCKS = YES;
				GCC_OPTIMIZATION_LEVEL = 0;
				GCC_PREPROCESSOR_DEFINITIONS = (
					"DEBUG=1",
					"$(inherited)",
				);
				GCC_WARN_64_TO_32_BIT_CONVERSION = YES;
				GCC_WARN_ABOUT_RETURN_TYPE = YES_ERROR;
				GCC_WARN_UNDECLARED_SELECTOR = YES;
				GCC_WARN_UNINITIALIZED_AUTOS = YES_AGGRESSIVE;
				GCC_WARN_UNUSED_FUNCTION = YES;
				GCC_WARN_UNUSED_VARIABLE = YES;
				IPHONEOS_DEPLOYMENT_TARGET = 17.5;
				LOCALIZATION_PREFERS_STRING_CATALOGS = YES;
				MTL_ENABLE_DEBUG_INFO = INCLUDE_SOURCE;
				MTL_FAST_MATH = YES;
				ONLY_ACTIVE_ARCH = YES;
				SDKROOT = iphoneos;
				SWIFT_ACTIVE_COMPILATION_CONDITIONS = "DEBUG $(inherited)";
				SWIFT_OPTIMIZATION_LEVEL = "-Onone";
			};
			name = Debug;
		};
		11A485612C9367B700718A41 /* Release */ = {
			isa = XCBuildConfiguration;
			buildSettings = {
				ALWAYS_SEARCH_USER_PATHS = NO;
				ASSETCATALOG_COMPILER_GENERATE_SWIFT_ASSET_SYMBOL_EXTENSIONS = YES;
				CLANG_ANALYZER_NONNULL = YES;
				CLANG_ANALYZER_NUMBER_OBJECT_CONVERSION = YES_AGGRESSIVE;
				CLANG_CXX_LANGUAGE_STANDARD = "gnu++20";
				CLANG_ENABLE_MODULES = YES;
				CLANG_ENABLE_OBJC_ARC = YES;
				CLANG_ENABLE_OBJC_WEAK = YES;
				CLANG_WARN_BLOCK_CAPTURE_AUTORELEASING = YES;
				CLANG_WARN_BOOL_CONVERSION = YES;
				CLANG_WARN_COMMA = YES;
				CLANG_WARN_CONSTANT_CONVERSION = YES;
				CLANG_WARN_DEPRECATED_OBJC_IMPLEMENTATIONS = YES;
				CLANG_WARN_DIRECT_OBJC_ISA_USAGE = YES_ERROR;
				CLANG_WARN_DOCUMENTATION_COMMENTS = YES;
				CLANG_WARN_EMPTY_BODY = YES;
				CLANG_WARN_ENUM_CONVERSION = YES;
				CLANG_WARN_INFINITE_RECURSION = YES;
				CLANG_WARN_INT_CONVERSION = YES;
				CLANG_WARN_NON_LITERAL_NULL_CONVERSION = YES;
				CLANG_WARN_OBJC_IMPLICIT_RETAIN_SELF = YES;
				CLANG_WARN_OBJC_LITERAL_CONVERSION = YES;
				CLANG_WARN_OBJC_ROOT_CLASS = YES_ERROR;
				CLANG_WARN_QUOTED_INCLUDE_IN_FRAMEWORK_HEADER = YES;
				CLANG_WARN_RANGE_LOOP_ANALYSIS = YES;
				CLANG_WARN_STRICT_PROTOTYPES = YES;
				CLANG_WARN_SUSPICIOUS_MOVE = YES;
				CLANG_WARN_UNGUARDED_AVAILABILITY = YES_AGGRESSIVE;
				CLANG_WARN_UNREACHABLE_CODE = YES;
				CLANG_WARN__DUPLICATE_METHOD_MATCH = YES;
				COPY_PHASE_STRIP = NO;
				DEBUG_INFORMATION_FORMAT = "dwarf-with-dsym";
				ENABLE_NS_ASSERTIONS = NO;
				ENABLE_STRICT_OBJC_MSGSEND = YES;
				ENABLE_USER_SCRIPT_SANDBOXING = YES;
				GCC_C_LANGUAGE_STANDARD = gnu17;
				GCC_NO_COMMON_BLOCKS = YES;
				GCC_WARN_64_TO_32_BIT_CONVERSION = YES;
				GCC_WARN_ABOUT_RETURN_TYPE = YES_ERROR;
				GCC_WARN_UNDECLARED_SELECTOR = YES;
				GCC_WARN_UNINITIALIZED_AUTOS = YES_AGGRESSIVE;
				GCC_WARN_UNUSED_FUNCTION = YES;
				GCC_WARN_UNUSED_VARIABLE = YES;
				IPHONEOS_DEPLOYMENT_TARGET = 17.5;
				LOCALIZATION_PREFERS_STRING_CATALOGS = YES;
				MTL_ENABLE_DEBUG_INFO = NO;
				MTL_FAST_MATH = YES;
				SDKROOT = iphoneos;
				SWIFT_COMPILATION_MODE = wholemodule;
				VALIDATE_PRODUCT = YES;
			};
			name = Release;
		};
		11A485632C9367B700718A41 /* Debug */ = {
			isa = XCBuildConfiguration;
			buildSettings = {
				ASSETCATALOG_COMPILER_APPICON_NAME = AppIcon;
				ASSETCATALOG_COMPILER_GLOBAL_ACCENT_COLOR_NAME = AccentColor;
				CODE_SIGN_STYLE = Automatic;
				CURRENT_PROJECT_VERSION = 1;
				DEVELOPMENT_ASSET_PATHS = "\"overdub/Preview Content\"";
				DEVELOPMENT_TEAM = 8J3QM38WJX;
				ENABLE_PREVIEWS = YES;
				GENERATE_INFOPLIST_FILE = YES;
				INFOPLIST_KEY_NSMicrophoneUsageDescription = "We need to access your microphone";
				INFOPLIST_KEY_UIApplicationSceneManifest_Generation = YES;
				INFOPLIST_KEY_UIApplicationSupportsIndirectInputEvents = YES;
				INFOPLIST_KEY_UILaunchScreen_Generation = YES;
				INFOPLIST_KEY_UISupportedInterfaceOrientations_iPad = "UIInterfaceOrientationPortrait UIInterfaceOrientationPortraitUpsideDown UIInterfaceOrientationLandscapeLeft UIInterfaceOrientationLandscapeRight";
				INFOPLIST_KEY_UISupportedInterfaceOrientations_iPhone = "UIInterfaceOrientationPortrait UIInterfaceOrientationLandscapeLeft UIInterfaceOrientationLandscapeRight";
				LD_RUNPATH_SEARCH_PATHS = (
					"$(inherited)",
					"@executable_path/Frameworks",
				);
				MARKETING_VERSION = 1.0;
				OTHER_CFLAGS = "";
				PRODUCT_BUNDLE_IDENTIFIER = dev.colinfox.overdub;
				PRODUCT_NAME = "$(TARGET_NAME)";
				SWIFT_EMIT_LOC_STRINGS = YES;
				SWIFT_VERSION = 5.0;
				TARGETED_DEVICE_FAMILY = "1,2";
			};
			name = Debug;
		};
		11A485642C9367B700718A41 /* Release */ = {
			isa = XCBuildConfiguration;
			buildSettings = {
				ASSETCATALOG_COMPILER_APPICON_NAME = AppIcon;
				ASSETCATALOG_COMPILER_GLOBAL_ACCENT_COLOR_NAME = AccentColor;
				CODE_SIGN_STYLE = Automatic;
				CURRENT_PROJECT_VERSION = 1;
				DEVELOPMENT_ASSET_PATHS = "\"overdub/Preview Content\"";
				DEVELOPMENT_TEAM = 8J3QM38WJX;
				ENABLE_PREVIEWS = YES;
				GENERATE_INFOPLIST_FILE = YES;
				INFOPLIST_KEY_NSMicrophoneUsageDescription = "We need to access your microphone";
				INFOPLIST_KEY_UIApplicationSceneManifest_Generation = YES;
				INFOPLIST_KEY_UIApplicationSupportsIndirectInputEvents = YES;
				INFOPLIST_KEY_UILaunchScreen_Generation = YES;
				INFOPLIST_KEY_UISupportedInterfaceOrientations_iPad = "UIInterfaceOrientationPortrait UIInterfaceOrientationPortraitUpsideDown UIInterfaceOrientationLandscapeLeft UIInterfaceOrientationLandscapeRight";
				INFOPLIST_KEY_UISupportedInterfaceOrientations_iPhone = "UIInterfaceOrientationPortrait UIInterfaceOrientationLandscapeLeft UIInterfaceOrientationLandscapeRight";
				LD_RUNPATH_SEARCH_PATHS = (
					"$(inherited)",
					"@executable_path/Frameworks",
				);
				MARKETING_VERSION = 1.0;
				OTHER_CFLAGS = "";
				PRODUCT_BUNDLE_IDENTIFIER = dev.colinfox.overdub;
				PRODUCT_NAME = "$(TARGET_NAME)";
				SWIFT_EMIT_LOC_STRINGS = YES;
				SWIFT_VERSION = 5.0;
				TARGETED_DEVICE_FAMILY = "1,2";
			};
			name = Release;
		};
		11A485662C9367B700718A41 /* Debug */ = {
			isa = XCBuildConfiguration;
			buildSettings = {
				ALWAYS_EMBED_SWIFT_STANDARD_LIBRARIES = YES;
				BUNDLE_LOADER = "$(TEST_HOST)";
				CODE_SIGN_STYLE = Automatic;
				CURRENT_PROJECT_VERSION = 1;
				GENERATE_INFOPLIST_FILE = YES;
				IPHONEOS_DEPLOYMENT_TARGET = 17.5;
				MARKETING_VERSION = 1.0;
				PRODUCT_BUNDLE_IDENTIFIER = dev.colinfox.overdubTests;
				PRODUCT_NAME = "$(TARGET_NAME)";
				SWIFT_EMIT_LOC_STRINGS = NO;
				SWIFT_VERSION = 5.0;
				TARGETED_DEVICE_FAMILY = "1,2";
				TEST_HOST = "$(BUILT_PRODUCTS_DIR)/overdub.app/$(BUNDLE_EXECUTABLE_FOLDER_PATH)/overdub";
			};
			name = Debug;
		};
		11A485672C9367B700718A41 /* Release */ = {
			isa = XCBuildConfiguration;
			buildSettings = {
				ALWAYS_EMBED_SWIFT_STANDARD_LIBRARIES = YES;
				BUNDLE_LOADER = "$(TEST_HOST)";
				CODE_SIGN_STYLE = Automatic;
				CURRENT_PROJECT_VERSION = 1;
				GENERATE_INFOPLIST_FILE = YES;
				IPHONEOS_DEPLOYMENT_TARGET = 17.5;
				MARKETING_VERSION = 1.0;
				PRODUCT_BUNDLE_IDENTIFIER = dev.colinfox.overdubTests;
				PRODUCT_NAME = "$(TARGET_NAME)";
				SWIFT_EMIT_LOC_STRINGS = NO;
				SWIFT_VERSION = 5.0;
				TARGETED_DEVICE_FAMILY = "1,2";
				TEST_HOST = "$(BUILT_PRODUCTS_DIR)/overdub.app/$(BUNDLE_EXECUTABLE_FOLDER_PATH)/overdub";
			};
			name = Release;
		};
		11A485692C9367B700718A41 /* Debug */ = {
			isa = XCBuildConfiguration;
			buildSettings = {
				ALWAYS_EMBED_SWIFT_STANDARD_LIBRARIES = YES;
				CODE_SIGN_STYLE = Automatic;
				CURRENT_PROJECT_VERSION = 1;
				GENERATE_INFOPLIST_FILE = YES;
				MARKETING_VERSION = 1.0;
				PRODUCT_BUNDLE_IDENTIFIER = dev.colinfox.overdubUITests;
				PRODUCT_NAME = "$(TARGET_NAME)";
				SWIFT_EMIT_LOC_STRINGS = NO;
				SWIFT_VERSION = 5.0;
				TARGETED_DEVICE_FAMILY = "1,2";
				TEST_TARGET_NAME = overdub;
			};
			name = Debug;
		};
		11A4856A2C9367B700718A41 /* Release */ = {
			isa = XCBuildConfiguration;
			buildSettings = {
				ALWAYS_EMBED_SWIFT_STANDARD_LIBRARIES = YES;
				CODE_SIGN_STYLE = Automatic;
				CURRENT_PROJECT_VERSION = 1;
				GENERATE_INFOPLIST_FILE = YES;
				MARKETING_VERSION = 1.0;
				PRODUCT_BUNDLE_IDENTIFIER = dev.colinfox.overdubUITests;
				PRODUCT_NAME = "$(TARGET_NAME)";
				SWIFT_EMIT_LOC_STRINGS = NO;
				SWIFT_VERSION = 5.0;
				TARGETED_DEVICE_FAMILY = "1,2";
				TEST_TARGET_NAME = overdub;
			};
			name = Release;
		};
/* End XCBuildConfiguration section */

/* Begin XCConfigurationList section */
		11A485392C9367B600718A41 /* Build configuration list for PBXProject "overdub" */ = {
			isa = XCConfigurationList;
			buildConfigurations = (
				11A485602C9367B700718A41 /* Debug */,
				11A485612C9367B700718A41 /* Release */,
			);
			defaultConfigurationIsVisible = 0;
			defaultConfigurationName = Release;
		};
		11A485622C9367B700718A41 /* Build configuration list for PBXNativeTarget "overdub" */ = {
			isa = XCConfigurationList;
			buildConfigurations = (
				11A485632C9367B700718A41 /* Debug */,
				11A485642C9367B700718A41 /* Release */,
			);
			defaultConfigurationIsVisible = 0;
			defaultConfigurationName = Release;
		};
		11A485652C9367B700718A41 /* Build configuration list for PBXNativeTarget "overdubTests" */ = {
			isa = XCConfigurationList;
			buildConfigurations = (
				11A485662C9367B700718A41 /* Debug */,
				11A485672C9367B700718A41 /* Release */,
			);
			defaultConfigurationIsVisible = 0;
			defaultConfigurationName = Release;
		};
		11A485682C9367B700718A41 /* Build configuration list for PBXNativeTarget "overdubUITests" */ = {
			isa = XCConfigurationList;
			buildConfigurations = (
				11A485692C9367B700718A41 /* Debug */,
				11A4856A2C9367B700718A41 /* Release */,
			);
			defaultConfigurationIsVisible = 0;
			defaultConfigurationName = Release;
		};
/* End XCConfigurationList section */
	};
	rootObject = 11A485362C9367B600718A41 /* Project object */;
}
